
Microsoft Visual Studio Solution File, Format Version 12.00
# Visual Studio Version 17
VisualStudioVersion = 17.6.33723.286
MinimumVisualStudioVersion = 10.0.40219.1
Project("{9A19103F-16F7-4668-BE54-9A1E7A4F7556}") = "OdeyTech.WPF.UIElements", "OdeyTech.WPF.UIElements\OdeyTech.WPF.UIElements.csproj", "{9A946684-1C2E-412E-9F05-B28B453BBFFF}"
EndProject
Project("{FAE04EC0-301F-11D3-BF4B-00C04F79EFBC}") = "OdeyTech.WPF.UIElements.Tests", "OdeyTech.WPF.UIElements.Tests\OdeyTech.WPF.UIElements.Tests.csproj", "{1891E1A0-E764-4CF8-80F8-0B1282BBB3C9}"
EndProject
Global
	GlobalSection(SolutionConfigurationPlatforms) = preSolution
		Debug|Any CPU = Debug|Any CPU
		Release|Any CPU = Release|Any CPU
	EndGlobalSection
	GlobalSection(ProjectConfigurationPlatforms) = postSolution
		{9A946684-1C2E-412E-9F05-B28B453BBFFF}.Debug|Any CPU.ActiveCfg = Debug|Any CPU
		{9A946684-1C2E-412E-9F05-B28B453BBFFF}.Debug|Any CPU.Build.0 = Debug|Any CPU
		{9A946684-1C2E-412E-9F05-B28B453BBFFF}.Release|Any CPU.ActiveCfg = Release|Any CPU
		{9A946684-1C2E-412E-9F05-B28B453BBFFF}.Release|Any CPU.Build.0 = Release|Any CPU
		{1891E1A0-E764-4CF8-80F8-0B1282BBB3C9}.Debug|Any CPU.ActiveCfg = Debug|Any CPU
		{1891E1A0-E764-4CF8-80F8-0B1282BBB3C9}.Debug|Any CPU.Build.0 = Debug|Any CPU
		{1891E1A0-E764-4CF8-80F8-0B1282BBB3C9}.Release|Any CPU.ActiveCfg = Release|Any CPU
		{1891E1A0-E764-4CF8-80F8-0B1282BBB3C9}.Release|Any CPU.Build.0 = Release|Any CPU
	EndGlobalSection
	GlobalSection(SolutionProperties) = preSolution
		HideSolutionNode = FALSE
	EndGlobalSection
	GlobalSection(ExtensibilityGlobals) = postSolution
		SolutionGuid = {12594A1E-497F-45E1-A2B7-5AC97BE45ED0}
	EndGlobalSection
EndGlobal
